
Microsoft Visual Studio Solution File, Format Version 12.00
# Visual Studio Version 16
VisualStudioVersion = 16.0.30914.41
MinimumVisualStudioVersion = 10.0.40219.1
Project("{9A19103F-16F7-4668-BE54-9A1E7A4F7556}") = "My.Data", "My.Data\My.Data.csproj", "{44284069-DA57-4D59-9621-B88A47645861}"
EndProject
Project("{9A19103F-16F7-4668-BE54-9A1E7A4F7556}") = "My.Common", "My.Common\My.Common.csproj", "{55A16F85-FE6A-4A7B-AAC6-7D8F06D9B3EC}"
EndProject
Project("{9A19103F-16F7-4668-BE54-9A1E7A4F7556}") = "DbContextScope", "DbContextScope\EntityFrameworkCore.DbContextScope.csproj", "{1950E905-7769-4190-871C-6035169F8BC1}"
EndProject
Global
	GlobalSection(SolutionConfigurationPlatforms) = preSolution
		Debug|Any CPU = Debug|Any CPU
		Release|Any CPU = Release|Any CPU
	EndGlobalSection
	GlobalSection(ProjectConfigurationPlatforms) = postSolution
		{44284069-DA57-4D59-9621-B88A47645861}.Debug|Any CPU.ActiveCfg = Debug|Any CPU
		{44284069-DA57-4D59-9621-B88A47645861}.Debug|Any CPU.Build.0 = Debug|Any CPU
		{44284069-DA57-4D59-9621-B88A47645861}.Release|Any CPU.ActiveCfg = Release|Any CPU
		{44284069-DA57-4D59-9621-B88A47645861}.Release|Any CPU.Build.0 = Release|Any CPU
		{55A16F85-FE6A-4A7B-AAC6-7D8F06D9B3EC}.Debug|Any CPU.ActiveCfg = Debug|Any CPU
		{55A16F85-FE6A-4A7B-AAC6-7D8F06D9B3EC}.Debug|Any CPU.Build.0 = Debug|Any CPU
		{55A16F85-FE6A-4A7B-AAC6-7D8F06D9B3EC}.Release|Any CPU.ActiveCfg = Release|Any CPU
		{55A16F85-FE6A-4A7B-AAC6-7D8F06D9B3EC}.Release|Any CPU.Build.0 = Release|Any CPU
		{1950E905-7769-4190-871C-6035169F8BC1}.Debug|Any CPU.ActiveCfg = Debug|Any CPU
		{1950E905-7769-4190-871C-6035169F8BC1}.Debug|Any CPU.Build.0 = Debug|Any CPU
		{1950E905-7769-4190-871C-6035169F8BC1}.Release|Any CPU.ActiveCfg = Release|Any CPU
		{1950E905-7769-4190-871C-6035169F8BC1}.Release|Any CPU.Build.0 = Release|Any CPU
	EndGlobalSection
	GlobalSection(SolutionProperties) = preSolution
		HideSolutionNode = FALSE
	EndGlobalSection
	GlobalSection(ExtensibilityGlobals) = postSolution
		SolutionGuid = {DDCE01B8-20DC-439D-AFC0-3E37FC7387EA}
	EndGlobalSection
EndGlobal
